
Microsoft Visual Studio Solution File, Format Version 12.00
# Visual Studio 14
VisualStudioVersion = 14.0.25420.1
MinimumVisualStudioVersion = 10.0.40219.1
Project("{FAE04EC0-301F-11D3-BF4B-00C04F79EFBC}") = "Agenda", "Agenda\Agenda.csproj", "{44C20400-0EF2-441D-81CB-169010DC9378}"
EndProject
Project("{FAE04EC0-301F-11D3-BF4B-00C04F79EFBC}") = "Datosagenda", "Datosagenda\Datosagenda.csproj", "{44E22120-271B-423C-8D8C-161BEF7ED5B1}"
EndProject
Project("{FAE04EC0-301F-11D3-BF4B-00C04F79EFBC}") = "Listas", "Listas\Listas.csproj", "{9B336157-6253-4615-BEF0-7081E3675623}"
EndProject
Global
	GlobalSection(SolutionConfigurationPlatforms) = preSolution
		Debug|Any CPU = Debug|Any CPU
		Release|Any CPU = Release|Any CPU
	EndGlobalSection
	GlobalSection(ProjectConfigurationPlatforms) = postSolution
		{44C20400-0EF2-441D-81CB-169010DC9378}.Debug|Any CPU.ActiveCfg = Debug|Any CPU
		{44C20400-0EF2-441D-81CB-169010DC9378}.Debug|Any CPU.Build.0 = Debug|Any CPU
		{44C20400-0EF2-441D-81CB-169010DC9378}.Release|Any CPU.ActiveCfg = Release|Any CPU
		{44C20400-0EF2-441D-81CB-169010DC9378}.Release|Any CPU.Build.0 = Release|Any CPU
		{44E22120-271B-423C-8D8C-161BEF7ED5B1}.Debug|Any CPU.ActiveCfg = Debug|Any CPU
		{44E22120-271B-423C-8D8C-161BEF7ED5B1}.Debug|Any CPU.Build.0 = Debug|Any CPU
		{44E22120-271B-423C-8D8C-161BEF7ED5B1}.Release|Any CPU.ActiveCfg = Release|Any CPU
		{44E22120-271B-423C-8D8C-161BEF7ED5B1}.Release|Any CPU.Build.0 = Release|Any CPU
		{9B336157-6253-4615-BEF0-7081E3675623}.Debug|Any CPU.ActiveCfg = Debug|Any CPU
		{9B336157-6253-4615-BEF0-7081E3675623}.Debug|Any CPU.Build.0 = Debug|Any CPU
		{9B336157-6253-4615-BEF0-7081E3675623}.Release|Any CPU.ActiveCfg = Release|Any CPU
		{9B336157-6253-4615-BEF0-7081E3675623}.Release|Any CPU.Build.0 = Release|Any CPU
	EndGlobalSection
	GlobalSection(SolutionProperties) = preSolution
		HideSolutionNode = FALSE
	EndGlobalSection
EndGlobal
