
Microsoft Visual Studio Solution File, Format Version 12.00
# Visual Studio 14
VisualStudioVersion = 14.0.25420.1
MinimumVisualStudioVersion = 10.0.40219.1
Project("{FAE04EC0-301F-11D3-BF4B-00C04F79EFBC}") = "ArreglosObjetos", "ArreglosObjetos\ArreglosObjetos.csproj", "{EC645C18-385A-4E05-B6E7-F2906BB72D5B}"
EndProject
Project("{FAE04EC0-301F-11D3-BF4B-00C04F79EFBC}") = "Colecciones", "Colecciones\Colecciones.csproj", "{890CE0AB-0396-41DD-8928-1E0D97C6AC17}"
EndProject
Global
	GlobalSection(SolutionConfigurationPlatforms) = preSolution
		Debug|Any CPU = Debug|Any CPU
		Release|Any CPU = Release|Any CPU
	EndGlobalSection
	GlobalSection(ProjectConfigurationPlatforms) = postSolution
		{EC645C18-385A-4E05-B6E7-F2906BB72D5B}.Debug|Any CPU.ActiveCfg = Debug|Any CPU
		{EC645C18-385A-4E05-B6E7-F2906BB72D5B}.Debug|Any CPU.Build.0 = Debug|Any CPU
		{EC645C18-385A-4E05-B6E7-F2906BB72D5B}.Release|Any CPU.ActiveCfg = Release|Any CPU
		{EC645C18-385A-4E05-B6E7-F2906BB72D5B}.Release|Any CPU.Build.0 = Release|Any CPU
		{890CE0AB-0396-41DD-8928-1E0D97C6AC17}.Debug|Any CPU.ActiveCfg = Debug|Any CPU
		{890CE0AB-0396-41DD-8928-1E0D97C6AC17}.Debug|Any CPU.Build.0 = Debug|Any CPU
		{890CE0AB-0396-41DD-8928-1E0D97C6AC17}.Release|Any CPU.ActiveCfg = Release|Any CPU
		{890CE0AB-0396-41DD-8928-1E0D97C6AC17}.Release|Any CPU.Build.0 = Release|Any CPU
	EndGlobalSection
	GlobalSection(SolutionProperties) = preSolution
		HideSolutionNode = FALSE
	EndGlobalSection
EndGlobal
